
Microsoft Visual Studio Solution File, Format Version 12.00
# Visual Studio 14
VisualStudioVersion = 14.0.25420.1
MinimumVisualStudioVersion = 10.0.40219.1
Project("{FAE04EC0-301F-11D3-BF4B-00C04F79EFBC}") = "LibraryUI", "LibraryUI\LibraryUI.csproj", "{944D63BF-5C36-4227-ADE3-6A48C31B6164}"
EndProject
Project("{FAE04EC0-301F-11D3-BF4B-00C04F79EFBC}") = "LibraryDomainTests", "LibraryDomainTests\LibraryDomainTests.csproj", "{74D84451-17F2-420E-8F38-F9D983CE5648}"
EndProject
Project("{FAE04EC0-301F-11D3-BF4B-00C04F79EFBC}") = "LibraryBL", "LibraryBL\LibraryBL.csproj", "{BDDB0B95-E480-4E12-BF90-8897BBEF8ACA}"
EndProject
Project("{2150E333-8FDC-42A3-9474-1A3956D46DE8}") = "Solution Items", "Solution Items", "{ABA24853-BF5C-4DB2-A445-DCADA973815F}"
	ProjectSection(SolutionItems) = preProject
		WebEssentials2015-Settings.json = WebEssentials2015-Settings.json
	EndProjectSection
EndProject
Global
	GlobalSection(SolutionConfigurationPlatforms) = preSolution
		Debug|Any CPU = Debug|Any CPU
		Release|Any CPU = Release|Any CPU
	EndGlobalSection
	GlobalSection(ProjectConfigurationPlatforms) = postSolution
		{944D63BF-5C36-4227-ADE3-6A48C31B6164}.Debug|Any CPU.ActiveCfg = Debug|Any CPU
		{944D63BF-5C36-4227-ADE3-6A48C31B6164}.Debug|Any CPU.Build.0 = Debug|Any CPU
		{944D63BF-5C36-4227-ADE3-6A48C31B6164}.Release|Any CPU.ActiveCfg = Release|Any CPU
		{944D63BF-5C36-4227-ADE3-6A48C31B6164}.Release|Any CPU.Build.0 = Release|Any CPU
		{74D84451-17F2-420E-8F38-F9D983CE5648}.Debug|Any CPU.ActiveCfg = Debug|Any CPU
		{74D84451-17F2-420E-8F38-F9D983CE5648}.Debug|Any CPU.Build.0 = Debug|Any CPU
		{74D84451-17F2-420E-8F38-F9D983CE5648}.Release|Any CPU.ActiveCfg = Release|Any CPU
		{74D84451-17F2-420E-8F38-F9D983CE5648}.Release|Any CPU.Build.0 = Release|Any CPU
		{BDDB0B95-E480-4E12-BF90-8897BBEF8ACA}.Debug|Any CPU.ActiveCfg = Debug|Any CPU
		{BDDB0B95-E480-4E12-BF90-8897BBEF8ACA}.Debug|Any CPU.Build.0 = Debug|Any CPU
		{BDDB0B95-E480-4E12-BF90-8897BBEF8ACA}.Release|Any CPU.ActiveCfg = Release|Any CPU
		{BDDB0B95-E480-4E12-BF90-8897BBEF8ACA}.Release|Any CPU.Build.0 = Release|Any CPU
	EndGlobalSection
	GlobalSection(SolutionProperties) = preSolution
		HideSolutionNode = FALSE
	EndGlobalSection
EndGlobal
