
Microsoft Visual Studio Solution File, Format Version 12.00
# Visual Studio 14
VisualStudioVersion = 14.0.25123.0
MinimumVisualStudioVersion = 10.0.40219.1
Project("{2150E333-8FDC-42A3-9474-1A3956D46DE8}") = "Application", "Application", "{220D2251-74D1-4E50-A8B0-95B6C98D2193}"
EndProject
Project("{2150E333-8FDC-42A3-9474-1A3956D46DE8}") = "DataAccess", "DataAccess", "{7F12E755-F762-42F1-9811-83E306E8901A}"
EndProject
Project("{2150E333-8FDC-42A3-9474-1A3956D46DE8}") = "Infrastructure", "Infrastructure", "{1117B078-54C8-4448-86AD-0CBE9BCE1617}"
EndProject
Project("{2150E333-8FDC-42A3-9474-1A3956D46DE8}") = "UI", "UI", "{27EC2F7E-293C-4925-ACED-0B4ACC462C18}"
EndProject
Project("{FAE04EC0-301F-11D3-BF4B-00C04F79EFBC}") = "LPipe.Domain", "LPipe.Domain\LPipe.Domain.csproj", "{3469D4FA-354C-4EBE-9974-681925EE3280}"
EndProject
Project("{FAE04EC0-301F-11D3-BF4B-00C04F79EFBC}") = "LPipe.Data", "LPipe.Data\LPipe.Data.csproj", "{61178FD6-2ED2-44C8-B7CD-63579A3A3F7C}"
EndProject
Project("{FAE04EC0-301F-11D3-BF4B-00C04F79EFBC}") = "LPipe.Data.MsSql", "LPipe.Data.MsSql\LPipe.Data.MsSql.csproj", "{319BA344-9B38-4A34-8626-D5D478D12F39}"
EndProject
Project("{FAE04EC0-301F-11D3-BF4B-00C04F79EFBC}") = "LPipe.Contracts", "LPipe.Contracts\LPipe.Contracts.csproj", "{D4A2EE6D-8557-4EE3-8A2D-6390D9B6D419}"
EndProject
Project("{FAE04EC0-301F-11D3-BF4B-00C04F79EFBC}") = "LPipe.UI", "LPipe.UI\LPipe.UI.csproj", "{1497301C-F323-42B4-A80A-346FF38B9AE2}"
EndProject
Project("{FAE04EC0-301F-11D3-BF4B-00C04F79EFBC}") = "LPipe.Services", "LPipe.Services\LPipe.Services.csproj", "{825B04EE-2D54-4052-9178-E924379D7FEB}"
EndProject
Global
	GlobalSection(SolutionConfigurationPlatforms) = preSolution
		Debug|Any CPU = Debug|Any CPU
		Release|Any CPU = Release|Any CPU
	EndGlobalSection
	GlobalSection(ProjectConfigurationPlatforms) = postSolution
		{3469D4FA-354C-4EBE-9974-681925EE3280}.Debug|Any CPU.ActiveCfg = Debug|Any CPU
		{3469D4FA-354C-4EBE-9974-681925EE3280}.Debug|Any CPU.Build.0 = Debug|Any CPU
		{3469D4FA-354C-4EBE-9974-681925EE3280}.Release|Any CPU.ActiveCfg = Release|Any CPU
		{3469D4FA-354C-4EBE-9974-681925EE3280}.Release|Any CPU.Build.0 = Release|Any CPU
		{61178FD6-2ED2-44C8-B7CD-63579A3A3F7C}.Debug|Any CPU.ActiveCfg = Debug|Any CPU
		{61178FD6-2ED2-44C8-B7CD-63579A3A3F7C}.Debug|Any CPU.Build.0 = Debug|Any CPU
		{61178FD6-2ED2-44C8-B7CD-63579A3A3F7C}.Release|Any CPU.ActiveCfg = Release|Any CPU
		{61178FD6-2ED2-44C8-B7CD-63579A3A3F7C}.Release|Any CPU.Build.0 = Release|Any CPU
		{319BA344-9B38-4A34-8626-D5D478D12F39}.Debug|Any CPU.ActiveCfg = Debug|Any CPU
		{319BA344-9B38-4A34-8626-D5D478D12F39}.Debug|Any CPU.Build.0 = Debug|Any CPU
		{319BA344-9B38-4A34-8626-D5D478D12F39}.Release|Any CPU.ActiveCfg = Release|Any CPU
		{319BA344-9B38-4A34-8626-D5D478D12F39}.Release|Any CPU.Build.0 = Release|Any CPU
		{D4A2EE6D-8557-4EE3-8A2D-6390D9B6D419}.Debug|Any CPU.ActiveCfg = Debug|Any CPU
		{D4A2EE6D-8557-4EE3-8A2D-6390D9B6D419}.Debug|Any CPU.Build.0 = Debug|Any CPU
		{D4A2EE6D-8557-4EE3-8A2D-6390D9B6D419}.Release|Any CPU.ActiveCfg = Release|Any CPU
		{D4A2EE6D-8557-4EE3-8A2D-6390D9B6D419}.Release|Any CPU.Build.0 = Release|Any CPU
		{1497301C-F323-42B4-A80A-346FF38B9AE2}.Debug|Any CPU.ActiveCfg = Debug|Any CPU
		{1497301C-F323-42B4-A80A-346FF38B9AE2}.Debug|Any CPU.Build.0 = Debug|Any CPU
		{1497301C-F323-42B4-A80A-346FF38B9AE2}.Release|Any CPU.ActiveCfg = Release|Any CPU
		{1497301C-F323-42B4-A80A-346FF38B9AE2}.Release|Any CPU.Build.0 = Release|Any CPU
		{825B04EE-2D54-4052-9178-E924379D7FEB}.Debug|Any CPU.ActiveCfg = Debug|Any CPU
		{825B04EE-2D54-4052-9178-E924379D7FEB}.Debug|Any CPU.Build.0 = Debug|Any CPU
		{825B04EE-2D54-4052-9178-E924379D7FEB}.Release|Any CPU.ActiveCfg = Release|Any CPU
		{825B04EE-2D54-4052-9178-E924379D7FEB}.Release|Any CPU.Build.0 = Release|Any CPU
	EndGlobalSection
	GlobalSection(SolutionProperties) = preSolution
		HideSolutionNode = FALSE
	EndGlobalSection
	GlobalSection(NestedProjects) = preSolution
		{3469D4FA-354C-4EBE-9974-681925EE3280} = {220D2251-74D1-4E50-A8B0-95B6C98D2193}
		{61178FD6-2ED2-44C8-B7CD-63579A3A3F7C} = {7F12E755-F762-42F1-9811-83E306E8901A}
		{319BA344-9B38-4A34-8626-D5D478D12F39} = {7F12E755-F762-42F1-9811-83E306E8901A}
		{D4A2EE6D-8557-4EE3-8A2D-6390D9B6D419} = {220D2251-74D1-4E50-A8B0-95B6C98D2193}
		{1497301C-F323-42B4-A80A-346FF38B9AE2} = {27EC2F7E-293C-4925-ACED-0B4ACC462C18}
		{825B04EE-2D54-4052-9178-E924379D7FEB} = {220D2251-74D1-4E50-A8B0-95B6C98D2193}
	EndGlobalSection
EndGlobal
